// !$*UTF8*$!
{
	archiveVersion = 1;
	classes = {
	};
	objectVersion = 71;
	objects = {

/* Begin PBXBuildFile section */
		1A100000000000000000001E /* libCOpus.a in Frameworks */ = {isa = PBXBuildFile; fileRef = 1A100000000000000000002C /* libCOpus.a */; };
/* End PBXBuildFile section */

/* Begin PBXContainerItemProxy section */
		1A100000000000000000001A /* PBXContainerItemProxy */ = {
			isa = PBXContainerItemProxy;
			containerPortal = 1A1000000000000000000001 /* Project object */;
			proxyType = 1;
			remoteGlobalIDString = 1A1000000000000000000005;
			remoteInfo = "mumble-macos";
		};
		1A100000000000000000002E /* PBXContainerItemProxy */ = {
			isa = PBXContainerItemProxy;
			containerPortal = 1A1000000000000000000001 /* Project object */;
			proxyType = 1;
			remoteGlobalIDString = 1A100000000000000000001F;
			remoteInfo = COpus;
		};
/* End PBXContainerItemProxy section */

/* Begin PBXFileReference section */
		1A1000000000000000000004 /* mumble-macos.app */ = {isa = PBXFileReference; explicitFileType = wrapper.application; includeInIndex = 0; path = "mumble-macos.app"; sourceTree = BUILT_PRODUCTS_DIR; };
		1A1000000000000000000018 /* mumble-macosTests.xctest */ = {isa = PBXFileReference; explicitFileType = wrapper.cfbundle; includeInIndex = 0; path = "mumble-macosTests.xctest"; sourceTree = BUILT_PRODUCTS_DIR; };
		1A1000000000000000000029 /* config.h */ = {isa = PBXFileReference; lastKnownFileType = sourcecode.c.h; path = config.h; sourceTree = "<group>"; };
		1A100000000000000000002A /* module.modulemap */ = {isa = PBXFileReference; lastKnownFileType = "sourcecode.module-map"; path = module.modulemap; sourceTree = "<group>"; };
		1A100000000000000000002B /* COpus.xcconfig */ = {isa = PBXFileReference; lastKnownFileType = text.xcconfig; path = COpus.xcconfig; sourceTree = "<group>"; };
		1A100000000000000000002C /* libCOpus.a */ = {isa = PBXFileReference; explicitFileType = archive.ar; includeInIndex = 0; path = libCOpus.a; sourceTree = BUILT_PRODUCTS_DIR; };
/* End PBXFileReference section */

/* Begin PBXFileSystemSynchronizedBuildFileExceptionSet section */
		1A100000000000000000001B /* PBXFileSystemSynchronizedBuildFileExceptionSet */ = {
			isa = PBXFileSystemSynchronizedBuildFileExceptionSet;
			membershipExceptions = (
				Resources/Info.plist,
			);
			target = 1A1000000000000000000005 /* mumble-macos */;
		};
		1A1000000000000000000026 /* PBXFileSystemSynchronizedBuildFileExceptionSet */ = {
			isa = PBXFileSystemSynchronizedBuildFileExceptionSet;
			membershipExceptions = (
				celt/arm/celt_fft_ne10.c,
				celt/arm/celt_mdct_ne10.c,
				celt/arm/celt_pitch_xcorr_arm.s,
				celt/opus_custom_demo.c,
				src/opus_compare.c,
				src/opus_demo.c,
				src/repacketizer_demo.c,
			);
			target = 1A100000000000000000001F /* COpus */;
		};
/* End PBXFileSystemSynchronizedBuildFileExceptionSet section */

/* Begin PBXFileSystemSynchronizedRootGroup section */
		1A100000000000000000000F /* mumble-macos */ = {isa = PBXFileSystemSynchronizedRootGroup; exceptions = (1A100000000000000000001B /* PBXFileSystemSynchronizedBuildFileExceptionSet */, ); explicitFileTypes = {}; explicitFolders = (); path = "mumble-macos"; sourceTree = "<group>"; };
		1A1000000000000000000010 /* mumble-macosTests */ = {isa = PBXFileSystemSynchronizedRootGroup; explicitFileTypes = {}; explicitFolders = (); path = "mumble-macosTests"; sourceTree = "<group>"; };
		1A1000000000000000000025 /* opus */ = {isa = PBXFileSystemSynchronizedRootGroup; exceptions = (1A1000000000000000000026 /* PBXFileSystemSynchronizedBuildFileExceptionSet */, ); explicitFileTypes = {}; explicitFolders = (); path = opus; sourceTree = "<group>"; };
/* End PBXFileSystemSynchronizedRootGroup section */

/* Begin PBXFrameworksBuildPhase section */
		1A1000000000000000000007 /* Frameworks */ = {
			isa = PBXFrameworksBuildPhase;
			buildActionMask = 2147483647;
			files = (
				1A100000000000000000001E /* libCOpus.a in Frameworks */,
			);
			runOnlyForDeploymentPostprocessing = 0;
		};
		1A1000000000000000000013 /* Frameworks */ = {
			isa = PBXFrameworksBuildPhase;
			buildActionMask = 2147483647;
			files = (
			);
			runOnlyForDeploymentPostprocessing = 0;
		};
		1A1000000000000000000021 /* Frameworks */ = {
			isa = PBXFrameworksBuildPhase;
			buildActionMask = 2147483647;
			files = (
			);
			runOnlyForDeploymentPostprocessing = 0;
		};
/* End PBXFrameworksBuildPhase section */

/* Begin PBXGroup section */
		1A1000000000000000000002 = {
			isa = PBXGroup;
			children = (
				1A100000000000000000000F /* mumble-macos */,
				1A1000000000000000000010 /* mumble-macosTests */,
				1A1000000000000000000027 /* Vendor */,
				1A1000000000000000000003 /* Products */,
			);
			sourceTree = "<group>";
		};
		1A1000000000000000000003 /* Products */ = {
			isa = PBXGroup;
			children = (
				1A1000000000000000000004 /* mumble-macos.app */,
				1A1000000000000000000018 /* mumble-macosTests.xctest */,
				1A100000000000000000002C /* libCOpus.a */,
			);
			name = Products;
			sourceTree = "<group>";
		};
		1A1000000000000000000027 /* Vendor */ = {
			isa = PBXGroup;
			children = (
				1A100000000000000000002B /* COpus.xcconfig */,
				1A1000000000000000000028 /* opus-config */,
				1A1000000000000000000025 /* opus */,
			);
			path = Vendor;
			sourceTree = "<group>";
		};
		1A1000000000000000000028 /* opus-config */ = {
			isa = PBXGroup;
			children = (
				1A1000000000000000000029 /* config.h */,
				1A100000000000000000002A /* module.modulemap */,
			);
			path = "opus-config";
			sourceTree = "<group>";
		};
/* End PBXGroup section */

/* Begin PBXNativeTarget section */
		1A1000000000000000000005 /* mumble-macos */ = {
			isa = PBXNativeTarget;
			buildConfigurationList = 1A100000000000000000000A /* Build configuration list for PBXNativeTarget "mumble-macos" */;
			buildPhases = (
				1A1000000000000000000006 /* Sources */,
				1A1000000000000000000007 /* Frameworks */,
				1A1000000000000000000008 /* Resources */,
			);
			buildRules = (
			);
			dependencies = (
				1A100000000000000000002D /* PBXTargetDependency */,
			);
			fileSystemSynchronizedGroups = (
				1A100000000000000000000F /* mumble-macos */,
			);
			name = "mumble-macos";
			packageProductDependencies = (
			);
			productName = "mumble-macos";
			productReference = 1A1000000000000000000004 /* mumble-macos.app */;
			productType = "com.apple.product-type.application";
		};
		1A1000000000000000000011 /* mumble-macosTests */ = {
			isa = PBXNativeTarget;
			buildConfigurationList = 1A1000000000000000000015 /* Build configuration list for PBXNativeTarget "mumble-macosTests" */;
			buildPhases = (
				1A1000000000000000000012 /* Sources */,
				1A1000000000000000000013 /* Frameworks */,
				1A1000000000000000000014 /* Resources */,
			);
			buildRules = (
			);
			dependencies = (
				1A1000000000000000000019 /* PBXTargetDependency */,
			);
			fileSystemSynchronizedGroups = (
				1A1000000000000000000010 /* mumble-macosTests */,
			);
			name = "mumble-macosTests";
			packageProductDependencies = (
			);
			productName = "mumble-macosTests";
			productReference = 1A1000000000000000000018 /* mumble-macosTests.xctest */;
			productType = "com.apple.product-type.bundle.unit-test";
		};
		1A100000000000000000001F /* COpus */ = {
			isa = PBXNativeTarget;
			buildConfigurationList = 1A1000000000000000000022 /* Build configuration list for PBXNativeTarget "COpus" */;
			buildPhases = (
				1A1000000000000000000020 /* Sources */,
				1A1000000000000000000021 /* Frameworks */,
			);
			buildRules = (
			);
			dependencies = (
			);
			fileSystemSynchronizedGroups = (
				1A1000000000000000000025 /* opus */,
			);
			name = COpus;
			packageProductDependencies = (
			);
			productName = COpus;
			productReference = 1A100000000000000000002C /* libCOpus.a */;
			productType = "com.apple.product-type.library.static";
		};
/* End PBXNativeTarget section */

/* Begin PBXProject section */
		1A1000000000000000000001 /* Project object */ = {
			isa = PBXProject;
			attributes = {
				BuildIndependentTargetsInParallel = 1;
				LastSwiftUpdateCheck = 2640;
				LastUpgradeCheck = 2640;
				TargetAttributes = {
					1A1000000000000000000005 = {
						CreatedOnToolsVersion = 26.4;
					};
					1A1000000000000000000011 = {
						CreatedOnToolsVersion = 26.4;
						TestTargetID = 1A1000000000000000000005;
					};
					1A100000000000000000001F = {
						CreatedOnToolsVersion = 26.4;
					};
				};
			};
			buildConfigurationList = 1A1000000000000000000009 /* Build configuration list for PBXProject "mumble-macos" */;
			compatibilityVersion = "Xcode 16.0";
			developmentRegion = en;
			hasScannedForEncodings = 0;
			knownRegions = (
				en,
				Base,
			);
			mainGroup = 1A1000000000000000000002;
			minimizedProjectReferenceProxies = 1;
			productRefGroup = 1A1000000000000000000003 /* Products */;
			projectDirPath = "";
			projectRoot = "";
			targets = (
				1A100000000000000000001F /* COpus */,
				1A1000000000000000000005 /* mumble-macos */,
				1A1000000000000000000011 /* mumble-macosTests */,
			);
		};
/* End PBXProject section */

/* Begin PBXResourcesBuildPhase section */
		1A1000000000000000000008 /* Resources */ = {
			isa = PBXResourcesBuildPhase;
			buildActionMask = 2147483647;
			files = (
			);
			runOnlyForDeploymentPostprocessing = 0;
		};
		1A1000000000000000000014 /* Resources */ = {
			isa = PBXResourcesBuildPhase;
			buildActionMask = 2147483647;
			files = (
			);
			runOnlyForDeploymentPostprocessing = 0;
		};
/* End PBXResourcesBuildPhase section */

/* Begin PBXSourcesBuildPhase section */
		1A1000000000000000000006 /* Sources */ = {
			isa = PBXSourcesBuildPhase;
			buildActionMask = 2147483647;
			files = (
			);
			runOnlyForDeploymentPostprocessing = 0;
		};
		1A1000000000000000000012 /* Sources */ = {
			isa = PBXSourcesBuildPhase;
			buildActionMask = 2147483647;
			files = (
			);
			runOnlyForDeploymentPostprocessing = 0;
		};
		1A1000000000000000000020 /* Sources */ = {
			isa = PBXSourcesBuildPhase;
			buildActionMask = 2147483647;
			files = (
			);
			runOnlyForDeploymentPostprocessing = 0;
		};
/* End PBXSourcesBuildPhase section */

/* Begin PBXTargetDependency section */
		1A1000000000000000000019 /* PBXTargetDependency */ = {
			isa = PBXTargetDependency;
			target = 1A1000000000000000000005 /* mumble-macos */;
			targetProxy = 1A100000000000000000001A /* PBXContainerItemProxy */;
		};
		1A100000000000000000002D /* PBXTargetDependency */ = {
			isa = PBXTargetDependency;
			target = 1A100000000000000000001F /* COpus */;
			targetProxy = 1A100000000000000000002E /* PBXContainerItemProxy */;
		};
/* End PBXTargetDependency section */

/* Begin XCBuildConfiguration section */
		1A100000000000000000000B /* Debug */ = {
			isa = XCBuildConfiguration;
			buildSettings = {
				ALWAYS_SEARCH_USER_PATHS = NO;
				ARCHS = (
					arm64,
					x86_64,
				);
				ASSETCATALOG_COMPILER_GENERATE_SWIFT_ASSET_SYMBOL_EXTENSIONS = YES;
				CLANG_ANALYZER_NONNULL = YES;
				CLANG_ANALYZER_NUMBER_OBJECT_CONVERSION = YES_AGGRESSIVE;
				CLANG_CXX_LANGUAGE_STANDARD = "gnu++20";
				CLANG_ENABLE_MODULES = YES;
				CLANG_ENABLE_OBJC_ARC = YES;
				CLANG_ENABLE_OBJC_WEAK = YES;
				CLANG_WARN_BLOCK_CAPTURE_AUTORELEASING = YES;
				CLANG_WARN_BOOL_CONVERSION = YES;
				CLANG_WARN_COMMA = YES;
				CLANG_WARN_CONSTANT_CONVERSION = YES;
				CLANG_WARN_DEPRECATED_OBJC_IMPLEMENTATIONS = YES;
				CLANG_WARN_DIRECT_OBJC_ISA_USAGE = YES_ERROR;
				CLANG_WARN_DOCUMENTATION_COMMENTS = YES;
				CLANG_WARN_EMPTY_BODY = YES;
				CLANG_WARN_ENUM_CONVERSION = YES;
				CLANG_WARN_INFINITE_RECURSION = YES;
				CLANG_WARN_INT_CONVERSION = YES;
				CLANG_WARN_NON_LITERAL_NULL_CONVERSION = YES;
				CLANG_WARN_OBJC_IMPLICIT_RETAIN_SELF = YES;
				CLANG_WARN_OBJC_LITERAL_CONVERSION = YES;
				CLANG_WARN_OBJC_ROOT_CLASS = YES_ERROR;
				CLANG_WARN_QUOTED_INCLUDE_IN_FRAMEWORK_HEADER = YES;
				CLANG_WARN_RANGE_LOOP_ANALYSIS = YES;
				CLANG_WARN_STRICT_PROTOTYPES = YES;
				CLANG_WARN_SUSPICIOUS_MOVE = YES;
				CLANG_WARN_UNGUARDED_AVAILABILITY = YES_AGGRESSIVE;
				CLANG_WARN_UNREACHABLE_CODE = YES;
				CLANG_WARN__DUPLICATE_METHOD_MATCH = YES;
				COPY_PHASE_STRIP = NO;
				DEAD_CODE_STRIPPING = YES;
				DEBUG_INFORMATION_FORMAT = dwarf;
				ENABLE_STRICT_OBJC_MSGSEND = YES;
				ENABLE_TESTABILITY = YES;
				ENABLE_USER_SCRIPT_SANDBOXING = YES;
				GCC_C_LANGUAGE_STANDARD = gnu17;
				GCC_DYNAMIC_NO_PIC = NO;
				GCC_NO_COMMON_BLOCKS = YES;
				GCC_OPTIMIZATION_LEVEL = 0;
				GCC_PREPROCESSOR_DEFINITIONS = (
					"DEBUG=1",
					"$(inherited)",
				);
				GCC_WARN_64_TO_32_BIT_CONVERSION = YES;
				GCC_WARN_ABOUT_RETURN_TYPE = YES_ERROR;
				GCC_WARN_UNDECLARED_SELECTOR = YES;
				GCC_WARN_UNINITIALIZED_AUTOS = YES_AGGRESSIVE;
				GCC_WARN_UNUSED_FUNCTION = YES;
				GCC_WARN_UNUSED_VARIABLE = YES;
				HEADER_SEARCH_PATHS = (
					"$(SRCROOT)/mumble-macos/ThirdParty/opus-bridge",
					"$(SRCROOT)/Vendor/opus/include",
				);
				LOCALIZATION_PREFERS_STRING_CATALOGS = YES;
				MACOSX_DEPLOYMENT_TARGET = 26.0;
				MTL_ENABLE_DEBUG_INFO = INCLUDE_SOURCE;
				MTL_FAST_MATH = YES;
				ONLY_ACTIVE_ARCH = YES;
				SDKROOT = macosx;
				SWIFT_ACTIVE_COMPILATION_CONDITIONS = "DEBUG $(inherited)";
				SWIFT_INCLUDE_PATHS = "$(SRCROOT)/Vendor/opus-config";
				SWIFT_OPTIMIZATION_LEVEL = "-Onone";
				SWIFT_STRICT_CONCURRENCY = complete;
				SWIFT_VERSION = 6.0;
			};
			name = Debug;
		};
		1A100000000000000000000C /* Release */ = {
			isa = XCBuildConfiguration;
			buildSettings = {
				ALWAYS_SEARCH_USER_PATHS = NO;
				ARCHS = (
					arm64,
					x86_64,
				);
				ASSETCATALOG_COMPILER_GENERATE_SWIFT_ASSET_SYMBOL_EXTENSIONS = YES;
				CLANG_ANALYZER_NONNULL = YES;
				CLANG_ANALYZER_NUMBER_OBJECT_CONVERSION = YES_AGGRESSIVE;
				CLANG_CXX_LANGUAGE_STANDARD = "gnu++20";
				CLANG_ENABLE_MODULES = YES;
				CLANG_ENABLE_OBJC_ARC = YES;
				CLANG_ENABLE_OBJC_WEAK = YES;
				CLANG_WARN_BLOCK_CAPTURE_AUTORELEASING = YES;
				CLANG_WARN_BOOL_CONVERSION = YES;
				CLANG_WARN_COMMA = YES;
				CLANG_WARN_CONSTANT_CONVERSION = YES;
				CLANG_WARN_DEPRECATED_OBJC_IMPLEMENTATIONS = YES;
				CLANG_WARN_DIRECT_OBJC_ISA_USAGE = YES_ERROR;
				CLANG_WARN_DOCUMENTATION_COMMENTS = YES;
				CLANG_WARN_EMPTY_BODY = YES;
				CLANG_WARN_ENUM_CONVERSION = YES;
				CLANG_WARN_INFINITE_RECURSION = YES;
				CLANG_WARN_INT_CONVERSION = YES;
				CLANG_WARN_NON_LITERAL_NULL_CONVERSION = YES;
				CLANG_WARN_OBJC_IMPLICIT_RETAIN_SELF = YES;
				CLANG_WARN_OBJC_LITERAL_CONVERSION = YES;
				CLANG_WARN_OBJC_ROOT_CLASS = YES_ERROR;
				CLANG_WARN_QUOTED_INCLUDE_IN_FRAMEWORK_HEADER = YES;
				CLANG_WARN_RANGE_LOOP_ANALYSIS = YES;
				CLANG_WARN_STRICT_PROTOTYPES = YES;
				CLANG_WARN_SUSPICIOUS_MOVE = YES;
				CLANG_WARN_UNGUARDED_AVAILABILITY = YES_AGGRESSIVE;
				CLANG_WARN_UNREACHABLE_CODE = YES;
				CLANG_WARN__DUPLICATE_METHOD_MATCH = YES;
				COPY_PHASE_STRIP = NO;
				DEAD_CODE_STRIPPING = YES;
				DEBUG_INFORMATION_FORMAT = "dwarf-with-dsym";
				ENABLE_NS_ASSERTIONS = NO;
				ENABLE_STRICT_OBJC_MSGSEND = YES;
				ENABLE_USER_SCRIPT_SANDBOXING = YES;
				GCC_C_LANGUAGE_STANDARD = gnu17;
				GCC_NO_COMMON_BLOCKS = YES;
				GCC_PREPROCESSOR_DEFINITIONS = "$(inherited)";
				GCC_WARN_64_TO_32_BIT_CONVERSION = YES;
				GCC_WARN_ABOUT_RETURN_TYPE = YES_ERROR;
				GCC_WARN_UNDECLARED_SELECTOR = YES;
				GCC_WARN_UNINITIALIZED_AUTOS = YES_AGGRESSIVE;
				GCC_WARN_UNUSED_FUNCTION = YES;
				GCC_WARN_UNUSED_VARIABLE = YES;
				HEADER_SEARCH_PATHS = (
					"$(SRCROOT)/mumble-macos/ThirdParty/opus-bridge",
					"$(SRCROOT)/Vendor/opus/include",
				);
				LOCALIZATION_PREFERS_STRING_CATALOGS = YES;
				MACOSX_DEPLOYMENT_TARGET = 26.0;
				MTL_ENABLE_DEBUG_INFO = NO;
				MTL_FAST_MATH = YES;
				SDKROOT = macosx;
				SWIFT_COMPILATION_MODE = wholemodule;
				SWIFT_INCLUDE_PATHS = "$(SRCROOT)/Vendor/opus-config";
				SWIFT_STRICT_CONCURRENCY = complete;
				SWIFT_VERSION = 6.0;
			};
			name = Release;
		};
		1A100000000000000000000D /* Debug */ = {
			isa = XCBuildConfiguration;
			buildSettings = {
				ASSETCATALOG_COMPILER_APPICON_NAME = AppIcon;
				ASSETCATALOG_COMPILER_GLOBAL_ACCENT_COLOR_NAME = AccentColor;
				CODE_SIGN_ENTITLEMENTS = "mumble-macos/Resources/mumble-macos.entitlements";
				CODE_SIGN_STYLE = Automatic;
				COMBINE_HIDPI_IMAGES = YES;
				CURRENT_PROJECT_VERSION = 1;
				DEVELOPMENT_TEAM = 8MT4P4GZL2;
				ENABLE_HARDENED_RUNTIME = YES;
				ENABLE_PREVIEWS = YES;
				GENERATE_INFOPLIST_FILE = YES;
				INFOPLIST_FILE = "mumble-macos/Resources/Info.plist";
				INFOPLIST_KEY_CFBundleDisplayName = Mumble;
				INFOPLIST_KEY_LSApplicationCategoryType = "public.app-category.social-networking";
				INFOPLIST_KEY_NSHumanReadableCopyright = "";
				INFOPLIST_KEY_NSMainNibFile = "";
				INFOPLIST_KEY_NSMicrophoneUsageDescription = "Mumble needs microphone access to transmit your voice.";
				INFOPLIST_KEY_NSPrincipalClass = NSApplication;
				LD_RUNPATH_SEARCH_PATHS = (
					"$(inherited)",
					"@executable_path/../Frameworks",
				);
				MARKETING_VERSION = 0.1.0;
				PRODUCT_BUNDLE_IDENTIFIER = "com.nicholas-lonsinger.mumble-macos";
				PRODUCT_NAME = "$(TARGET_NAME)";
				REGISTER_APP_GROUPS = NO;
				SWIFT_EMIT_LOC_STRINGS = YES;
				SWIFT_OBJC_BRIDGING_HEADER = "mumble-macos/mumble-macos-Bridging-Header.h";
				SWIFT_VERSION = 6.0;
			};
			name = Debug;
		};
		1A100000000000000000000E /* Release */ = {
			isa = XCBuildConfiguration;
			buildSettings = {
				ASSETCATALOG_COMPILER_APPICON_NAME = AppIcon;
				ASSETCATALOG_COMPILER_GLOBAL_ACCENT_COLOR_NAME = AccentColor;
				CODE_SIGN_ENTITLEMENTS = "mumble-macos/Resources/mumble-macos.entitlements";
				CODE_SIGN_STYLE = Automatic;
				COMBINE_HIDPI_IMAGES = YES;
				CURRENT_PROJECT_VERSION = 1;
				DEVELOPMENT_TEAM = 8MT4P4GZL2;
				ENABLE_HARDENED_RUNTIME = YES;
				ENABLE_PREVIEWS = YES;
				GENERATE_INFOPLIST_FILE = YES;
				INFOPLIST_FILE = "mumble-macos/Resources/Info.plist";
				INFOPLIST_KEY_CFBundleDisplayName = Mumble;
				INFOPLIST_KEY_LSApplicationCategoryType = "public.app-category.social-networking";
				INFOPLIST_KEY_NSHumanReadableCopyright = "";
				INFOPLIST_KEY_NSMainNibFile = "";
				INFOPLIST_KEY_NSMicrophoneUsageDescription = "Mumble needs microphone access to transmit your voice.";
				INFOPLIST_KEY_NSPrincipalClass = NSApplication;
				LD_RUNPATH_SEARCH_PATHS = (
					"$(inherited)",
					"@executable_path/../Frameworks",
				);
				MARKETING_VERSION = 0.1.0;
				PRODUCT_BUNDLE_IDENTIFIER = "com.nicholas-lonsinger.mumble-macos";
				PRODUCT_NAME = "$(TARGET_NAME)";
				REGISTER_APP_GROUPS = NO;
				SWIFT_EMIT_LOC_STRINGS = YES;
				SWIFT_OBJC_BRIDGING_HEADER = "mumble-macos/mumble-macos-Bridging-Header.h";
				SWIFT_VERSION = 6.0;
			};
			name = Release;
		};
		1A1000000000000000000016 /* Debug */ = {
			isa = XCBuildConfiguration;
			buildSettings = {
				ALWAYS_SEARCH_USER_PATHS = NO;
				ARCHS = (
					arm64,
					x86_64,
				);
				BUNDLE_LOADER = "$(TEST_HOST)";
				CLANG_ENABLE_MODULES = YES;
				CODE_SIGN_STYLE = Automatic;
				DEBUG_INFORMATION_FORMAT = dwarf;
				DEVELOPMENT_TEAM = 8MT4P4GZL2;
				ENABLE_TESTABILITY = YES;
				GCC_OPTIMIZATION_LEVEL = 0;
				GCC_PREPROCESSOR_DEFINITIONS = (
					"DEBUG=1",
					"$(inherited)",
				);
				GENERATE_INFOPLIST_FILE = YES;
				LD_RUNPATH_SEARCH_PATHS = (
					"$(inherited)",
					"@executable_path/../Frameworks",
					"@loader_path/../Frameworks",
				);
				MACOSX_DEPLOYMENT_TARGET = 26.0;
				ONLY_ACTIVE_ARCH = YES;
				PRODUCT_BUNDLE_IDENTIFIER = "com.nicholas-lonsinger.mumble-macosTests";
				PRODUCT_NAME = "$(TARGET_NAME)";
				SDKROOT = macosx;
				SWIFT_ACTIVE_COMPILATION_CONDITIONS = "DEBUG $(inherited)";
				SWIFT_EMIT_LOC_STRINGS = NO;
				SWIFT_OPTIMIZATION_LEVEL = "-Onone";
				SWIFT_STRICT_CONCURRENCY = complete;
				SWIFT_VERSION = 6.0;
				TEST_HOST = "$(BUILT_PRODUCTS_DIR)/mumble-macos.app/Contents/MacOS/mumble-macos";
			};
			name = Debug;
		};
		1A1000000000000000000017 /* Release */ = {
			isa = XCBuildConfiguration;
			buildSettings = {
				ALWAYS_SEARCH_USER_PATHS = NO;
				ARCHS = (
					arm64,
					x86_64,
				);
				BUNDLE_LOADER = "$(TEST_HOST)";
				CLANG_ENABLE_MODULES = YES;
				CODE_SIGN_STYLE = Automatic;
				DEBUG_INFORMATION_FORMAT = "dwarf-with-dsym";
				DEVELOPMENT_TEAM = 8MT4P4GZL2;
				GENERATE_INFOPLIST_FILE = YES;
				LD_RUNPATH_SEARCH_PATHS = (
					"$(inherited)",
					"@executable_path/../Frameworks",
					"@loader_path/../Frameworks",
				);
				MACOSX_DEPLOYMENT_TARGET = 26.0;
				PRODUCT_BUNDLE_IDENTIFIER = "com.nicholas-lonsinger.mumble-macosTests";
				PRODUCT_NAME = "$(TARGET_NAME)";
				SDKROOT = macosx;
				SWIFT_COMPILATION_MODE = wholemodule;
				SWIFT_EMIT_LOC_STRINGS = NO;
				SWIFT_STRICT_CONCURRENCY = complete;
				SWIFT_VERSION = 6.0;
				TEST_HOST = "$(BUILT_PRODUCTS_DIR)/mumble-macos.app/Contents/MacOS/mumble-macos";
			};
			name = Release;
		};
		1A1000000000000000000023 /* Debug */ = {
			isa = XCBuildConfiguration;
			baseConfigurationReference = 1A100000000000000000002B /* COpus.xcconfig */;
			buildSettings = {
				DEBUG_INFORMATION_FORMAT = dwarf;
				GCC_OPTIMIZATION_LEVEL = 0;
				ONLY_ACTIVE_ARCH = YES;
			};
			name = Debug;
		};
		1A1000000000000000000024 /* Release */ = {
			isa = XCBuildConfiguration;
			baseConfigurationReference = 1A100000000000000000002B /* COpus.xcconfig */;
			buildSettings = {
				DEBUG_INFORMATION_FORMAT = "dwarf-with-dsym";
				GCC_OPTIMIZATION_LEVEL = s;
			};
			name = Release;
		};
/* End XCBuildConfiguration section */

/* Begin XCConfigurationList section */
		1A1000000000000000000009 /* Build configuration list for PBXProject "mumble-macos" */ = {
			isa = XCConfigurationList;
			buildConfigurations = (
				1A100000000000000000000B /* Debug */,
				1A100000000000000000000C /* Release */,
			);
			defaultConfigurationIsVisible = 0;
			defaultConfigurationName = Release;
		};
		1A100000000000000000000A /* Build configuration list for PBXNativeTarget "mumble-macos" */ = {
			isa = XCConfigurationList;
			buildConfigurations = (
				1A100000000000000000000D /* Debug */,
				1A100000000000000000000E /* Release */,
			);
			defaultConfigurationIsVisible = 0;
			defaultConfigurationName = Release;
		};
		1A1000000000000000000015 /* Build configuration list for PBXNativeTarget "mumble-macosTests" */ = {
			isa = XCConfigurationList;
			buildConfigurations = (
				1A1000000000000000000016 /* Debug */,
				1A1000000000000000000017 /* Release */,
			);
			defaultConfigurationIsVisible = 0;
			defaultConfigurationName = Release;
		};
		1A1000000000000000000022 /* Build configuration list for PBXNativeTarget "COpus" */ = {
			isa = XCConfigurationList;
			buildConfigurations = (
				1A1000000000000000000023 /* Debug */,
				1A1000000000000000000024 /* Release */,
			);
			defaultConfigurationIsVisible = 0;
			defaultConfigurationName = Release;
		};
/* End XCConfigurationList section */
	};
	rootObject = 1A1000000000000000000001 /* Project object */;
}
